
Microsoft Visual Studio Solution File, Format Version 12.00
# Visual Studio Version 17
VisualStudioVersion = 17.3.32811.315
MinimumVisualStudioVersion = 10.0.40219.1
Project("{9A19103F-16F7-4668-BE54-9A1E7A4F7556}") = "Gerenciado-de-Tarefas", "Gerenciado-de-Tarefas\Gerenciado-de-Tarefas.csproj", "{EF77D4BE-E3AF-4224-B896-C8018D898E2C}"
EndProject
Global
	GlobalSection(SolutionConfigurationPlatforms) = preSolution
		Debug|Any CPU = Debug|Any CPU
		Release|Any CPU = Release|Any CPU
	EndGlobalSection
	GlobalSection(ProjectConfigurationPlatforms) = postSolution
		{EF77D4BE-E3AF-4224-B896-C8018D898E2C}.Debug|Any CPU.ActiveCfg = Debug|Any CPU
		{EF77D4BE-E3AF-4224-B896-C8018D898E2C}.Debug|Any CPU.Build.0 = Debug|Any CPU
		{EF77D4BE-E3AF-4224-B896-C8018D898E2C}.Release|Any CPU.ActiveCfg = Release|Any CPU
		{EF77D4BE-E3AF-4224-B896-C8018D898E2C}.Release|Any CPU.Build.0 = Release|Any CPU
	EndGlobalSection
	GlobalSection(SolutionProperties) = preSolution
		HideSolutionNode = FALSE
	EndGlobalSection
	GlobalSection(ExtensibilityGlobals) = postSolution
		SolutionGuid = {48034391-920E-454A-9B06-1C312FA6AD98}
	EndGlobalSection
EndGlobal
